
Microsoft Visual Studio Solution File, Format Version 10.00
# Visual Studio 2008
Project("{8BC9CEB8-8B4A-11D0-8D11-00A0C91BC942}") = "XstoolsLib", "XstoolsLib\XstoolsLib.vcproj", "{CBAC5D3E-AEC4-48A3-AE2C-43D0CF6C5FC8}"
EndProject
Project("{8BC9CEB8-8B4A-11D0-8D11-00A0C91BC942}") = "XstoolsApi", "XstoolsApi\XstoolsApi.vcproj", "{31557107-1399-46DA-B83C-73D9680C149D}"
	ProjectSection(ProjectDependencies) = postProject
		{CBAC5D3E-AEC4-48A3-AE2C-43D0CF6C5FC8} = {CBAC5D3E-AEC4-48A3-AE2C-43D0CF6C5FC8}
	EndProjectSection
EndProject
Project("{8BC9CEB8-8B4A-11D0-8D11-00A0C91BC942}") = "XstoolsApiTest", "XstoolsApiTest\XstoolsApiTest.vcproj", "{BBDDAFEF-1C0A-470A-8544-0D2568E8BCFD}"
	ProjectSection(ProjectDependencies) = postProject
		{31557107-1399-46DA-B83C-73D9680C149D} = {31557107-1399-46DA-B83C-73D9680C149D}
	EndProjectSection
EndProject
Global
	GlobalSection(SolutionConfigurationPlatforms) = preSolution
		Debug|Win32 = Debug|Win32
		Release|Win32 = Release|Win32
	EndGlobalSection
	GlobalSection(ProjectConfigurationPlatforms) = postSolution
		{CBAC5D3E-AEC4-48A3-AE2C-43D0CF6C5FC8}.Debug|Win32.ActiveCfg = Debug|Win32
		{CBAC5D3E-AEC4-48A3-AE2C-43D0CF6C5FC8}.Debug|Win32.Build.0 = Debug|Win32
		{CBAC5D3E-AEC4-48A3-AE2C-43D0CF6C5FC8}.Release|Win32.ActiveCfg = Release|Win32
		{CBAC5D3E-AEC4-48A3-AE2C-43D0CF6C5FC8}.Release|Win32.Build.0 = Release|Win32
		{31557107-1399-46DA-B83C-73D9680C149D}.Debug|Win32.ActiveCfg = Debug|Win32
		{31557107-1399-46DA-B83C-73D9680C149D}.Debug|Win32.Build.0 = Debug|Win32
		{31557107-1399-46DA-B83C-73D9680C149D}.Release|Win32.ActiveCfg = Release|Win32
		{31557107-1399-46DA-B83C-73D9680C149D}.Release|Win32.Build.0 = Release|Win32
		{BBDDAFEF-1C0A-470A-8544-0D2568E8BCFD}.Debug|Win32.ActiveCfg = Debug|Win32
		{BBDDAFEF-1C0A-470A-8544-0D2568E8BCFD}.Debug|Win32.Build.0 = Debug|Win32
		{BBDDAFEF-1C0A-470A-8544-0D2568E8BCFD}.Release|Win32.ActiveCfg = Release|Win32
		{BBDDAFEF-1C0A-470A-8544-0D2568E8BCFD}.Release|Win32.Build.0 = Release|Win32
	EndGlobalSection
	GlobalSection(SolutionProperties) = preSolution
		HideSolutionNode = FALSE
	EndGlobalSection
EndGlobal
